Microsoft Visual Studio Solution File, Format Version 8.00
Project("{8BC9CEB8-8B4A-11D0-8D11-00A0C91BC942}") = "ÍøÂç", "SocketModule.vcproj", "{C02F9F5D-27BC-424B-8BF1-773AE4627BED}"
	ProjectSection(ProjectDependencies) = postProject
	EndProjectSection
EndProject
Global
	GlobalSection(SolutionConfiguration) = preSolution
		Debug = Debug
		Release = Release
	EndGlobalSection
	GlobalSection(ProjectConfiguration) = postSolution
		{C02F9F5D-27BC-424B-8BF1-773AE4627BED}.Debug.ActiveCfg = Debug|Win32
		{C02F9F5D-27BC-424B-8BF1-773AE4627BED}.Debug.Build.0 = Debug|Win32
		{C02F9F5D-27BC-424B-8BF1-773AE4627BED}.Release.ActiveCfg = Release|Win32
		{C02F9F5D-27BC-424B-8BF1-773AE4627BED}.Release.Build.0 = Release|Win32
	EndGlobalSection
	GlobalSection(ExtensibilityGlobals) = postSolution
	EndGlobalSection
	GlobalSection(ExtensibilityAddIns) = postSolution
	EndGlobalSection
EndGlobal
